
Microsoft Visual Studio Solution File, Format Version 12.00
# Visual Studio 15
VisualStudioVersion = 15.0.28010.2046
MinimumVisualStudioVersion = 10.0.40219.1
Project("{9A19103F-16F7-4668-BE54-9A1E7A4F7556}") = "NetCoreProject", "NetCoreProject\NetCoreProject.csproj", "{15960985-82A6-41CA-A51F-525022C91F99}"
EndProject
Project("{9A19103F-16F7-4668-BE54-9A1E7A4F7556}") = "NetCoreMvc", "NetCoreMvc\NetCoreMvc.csproj", "{7070CA82-1E16-43B0-891F-9082C08952F7}"
EndProject
Project("{FAE04EC0-301F-11D3-BF4B-00C04F79EFBC}") = "ImageToString", "ImageToString\ImageToString.csproj", "{1321D7C8-91B9-4C0B-B217-27F571310585}"
EndProject
Project("{FAE04EC0-301F-11D3-BF4B-00C04F79EFBC}") = "ImageToStringForm", "ImageToStringForm\ImageToStringForm.csproj", "{6BAFBAE1-DC4E-4225-8775-E7D624072947}"
EndProject
Project("{FAE04EC0-301F-11D3-BF4B-00C04F79EFBC}") = "CmdProject", "CmdProject\CmdProject.csproj", "{E92AC042-FDF9-47F9-81A9-DBD339259793}"
EndProject
Project("{FAE04EC0-301F-11D3-BF4B-00C04F79EFBC}") = "SocketServer", "SocketServer\SocketServer.csproj", "{17C17A5E-899D-4CC6-81DB-78D4A818C831}"
EndProject
Project("{FAE04EC0-301F-11D3-BF4B-00C04F79EFBC}") = "SocketClient", "SocketClient\SocketClient.csproj", "{DFEC68EE-9270-4D97-94DF-B8FBB3E3AECF}"
EndProject
Project("{FAE04EC0-301F-11D3-BF4B-00C04F79EFBC}") = "WebApiTest", "WebApiTest\WebApiTest.csproj", "{5BB7D02F-AE29-4396-A35D-5559C1F95465}"
EndProject
Global
	GlobalSection(SolutionConfigurationPlatforms) = preSolution
		Debug|Any CPU = Debug|Any CPU
		Release|Any CPU = Release|Any CPU
	EndGlobalSection
	GlobalSection(ProjectConfigurationPlatforms) = postSolution
		{15960985-82A6-41CA-A51F-525022C91F99}.Debug|Any CPU.ActiveCfg = Debug|Any CPU
		{15960985-82A6-41CA-A51F-525022C91F99}.Debug|Any CPU.Build.0 = Debug|Any CPU
		{15960985-82A6-41CA-A51F-525022C91F99}.Release|Any CPU.ActiveCfg = Release|Any CPU
		{15960985-82A6-41CA-A51F-525022C91F99}.Release|Any CPU.Build.0 = Release|Any CPU
		{7070CA82-1E16-43B0-891F-9082C08952F7}.Debug|Any CPU.ActiveCfg = Debug|Any CPU
		{7070CA82-1E16-43B0-891F-9082C08952F7}.Debug|Any CPU.Build.0 = Debug|Any CPU
		{7070CA82-1E16-43B0-891F-9082C08952F7}.Release|Any CPU.ActiveCfg = Release|Any CPU
		{7070CA82-1E16-43B0-891F-9082C08952F7}.Release|Any CPU.Build.0 = Release|Any CPU
		{1321D7C8-91B9-4C0B-B217-27F571310585}.Debug|Any CPU.ActiveCfg = Debug|Any CPU
		{1321D7C8-91B9-4C0B-B217-27F571310585}.Debug|Any CPU.Build.0 = Debug|Any CPU
		{1321D7C8-91B9-4C0B-B217-27F571310585}.Release|Any CPU.ActiveCfg = Release|Any CPU
		{1321D7C8-91B9-4C0B-B217-27F571310585}.Release|Any CPU.Build.0 = Release|Any CPU
		{6BAFBAE1-DC4E-4225-8775-E7D624072947}.Debug|Any CPU.ActiveCfg = Debug|Any CPU
		{6BAFBAE1-DC4E-4225-8775-E7D624072947}.Debug|Any CPU.Build.0 = Debug|Any CPU
		{6BAFBAE1-DC4E-4225-8775-E7D624072947}.Release|Any CPU.ActiveCfg = Release|Any CPU
		{6BAFBAE1-DC4E-4225-8775-E7D624072947}.Release|Any CPU.Build.0 = Release|Any CPU
		{E92AC042-FDF9-47F9-81A9-DBD339259793}.Debug|Any CPU.ActiveCfg = Debug|Any CPU
		{E92AC042-FDF9-47F9-81A9-DBD339259793}.Debug|Any CPU.Build.0 = Debug|Any CPU
		{E92AC042-FDF9-47F9-81A9-DBD339259793}.Release|Any CPU.ActiveCfg = Release|Any CPU
		{E92AC042-FDF9-47F9-81A9-DBD339259793}.Release|Any CPU.Build.0 = Release|Any CPU
		{17C17A5E-899D-4CC6-81DB-78D4A818C831}.Debug|Any CPU.ActiveCfg = Debug|Any CPU
		{17C17A5E-899D-4CC6-81DB-78D4A818C831}.Debug|Any CPU.Build.0 = Debug|Any CPU
		{17C17A5E-899D-4CC6-81DB-78D4A818C831}.Release|Any CPU.ActiveCfg = Release|Any CPU
		{17C17A5E-899D-4CC6-81DB-78D4A818C831}.Release|Any CPU.Build.0 = Release|Any CPU
		{DFEC68EE-9270-4D97-94DF-B8FBB3E3AECF}.Debug|Any CPU.ActiveCfg = Debug|Any CPU
		{DFEC68EE-9270-4D97-94DF-B8FBB3E3AECF}.Debug|Any CPU.Build.0 = Debug|Any CPU
		{DFEC68EE-9270-4D97-94DF-B8FBB3E3AECF}.Release|Any CPU.ActiveCfg = Release|Any CPU
		{DFEC68EE-9270-4D97-94DF-B8FBB3E3AECF}.Release|Any CPU.Build.0 = Release|Any CPU
		{5BB7D02F-AE29-4396-A35D-5559C1F95465}.Debug|Any CPU.ActiveCfg = Debug|Any CPU
		{5BB7D02F-AE29-4396-A35D-5559C1F95465}.Debug|Any CPU.Build.0 = Debug|Any CPU
		{5BB7D02F-AE29-4396-A35D-5559C1F95465}.Release|Any CPU.ActiveCfg = Release|Any CPU
		{5BB7D02F-AE29-4396-A35D-5559C1F95465}.Release|Any CPU.Build.0 = Release|Any CPU
	EndGlobalSection
	GlobalSection(SolutionProperties) = preSolution
		HideSolutionNode = FALSE
	EndGlobalSection
	GlobalSection(ExtensibilityGlobals) = postSolution
		SolutionGuid = {75B5B0EE-0A0E-4B8A-BDF8-336770F0D477}
	EndGlobalSection
EndGlobal
